
Microsoft Visual Studio Solution File, Format Version 12.00
# Visual Studio Version 17
VisualStudioVersion = 17.4.33122.133
MinimumVisualStudioVersion = 10.0.40219.1
Project("{9A19103F-16F7-4668-BE54-9A1E7A4F7556}") = "startup-app-00", "startup-app-00\startup-app-00.csproj", "{530A971A-8E80-4FB8-995C-8A6CF73942F6}"
EndProject
Project("{54435603-DBB4-11D2-8724-00A0C9A8B90C}") = "startup-app-00-setup", "startup-app-00-setup\startup-app-00-setup.vdproj", "{C409216B-BAC8-41FE-9601-375843BD7BB7}"
EndProject
Global
	GlobalSection(SolutionConfigurationPlatforms) = preSolution
		Debug|Any CPU = Debug|Any CPU
		Release|Any CPU = Release|Any CPU
	EndGlobalSection
	GlobalSection(ProjectConfigurationPlatforms) = postSolution
		{530A971A-8E80-4FB8-995C-8A6CF73942F6}.Debug|Any CPU.ActiveCfg = Debug|Any CPU
		{530A971A-8E80-4FB8-995C-8A6CF73942F6}.Debug|Any CPU.Build.0 = Debug|Any CPU
		{530A971A-8E80-4FB8-995C-8A6CF73942F6}.Release|Any CPU.ActiveCfg = Release|Any CPU
		{530A971A-8E80-4FB8-995C-8A6CF73942F6}.Release|Any CPU.Build.0 = Release|Any CPU
		{C409216B-BAC8-41FE-9601-375843BD7BB7}.Debug|Any CPU.ActiveCfg = Debug
		{C409216B-BAC8-41FE-9601-375843BD7BB7}.Release|Any CPU.ActiveCfg = Release
	EndGlobalSection
	GlobalSection(SolutionProperties) = preSolution
		HideSolutionNode = FALSE
	EndGlobalSection
	GlobalSection(ExtensibilityGlobals) = postSolution
		SolutionGuid = {0E6FE98D-F8C4-4B45-BC24-D647A733D203}
	EndGlobalSection
EndGlobal
